
Microsoft Visual Studio Solution File, Format Version 12.00
# Visual Studio 14
VisualStudioVersion = 14.0.25420.1
MinimumVisualStudioVersion = 10.0.40219.1
Project("{FAE04EC0-301F-11D3-BF4B-00C04F79EFBC}") = "Client Aktionshuset", "Client Aktionshuset\Client Aktionshuset.csproj", "{51443A57-A921-40FC-A495-2C8DC6BEE09A}"
EndProject
Project("{FAE04EC0-301F-11D3-BF4B-00C04F79EFBC}") = "BuisnessLayer", "BuisnessLayer\BuisnessLayer.csproj", "{DA58FD48-450F-48E5-AD0F-10D274D7405F}"
EndProject
Global
	GlobalSection(SolutionConfigurationPlatforms) = preSolution
		Debug|Any CPU = Debug|Any CPU
		Release|Any CPU = Release|Any CPU
	EndGlobalSection
	GlobalSection(ProjectConfigurationPlatforms) = postSolution
		{51443A57-A921-40FC-A495-2C8DC6BEE09A}.Debug|Any CPU.ActiveCfg = Debug|Any CPU
		{51443A57-A921-40FC-A495-2C8DC6BEE09A}.Debug|Any CPU.Build.0 = Debug|Any CPU
		{51443A57-A921-40FC-A495-2C8DC6BEE09A}.Release|Any CPU.ActiveCfg = Release|Any CPU
		{51443A57-A921-40FC-A495-2C8DC6BEE09A}.Release|Any CPU.Build.0 = Release|Any CPU
		{DA58FD48-450F-48E5-AD0F-10D274D7405F}.Debug|Any CPU.ActiveCfg = Debug|Any CPU
		{DA58FD48-450F-48E5-AD0F-10D274D7405F}.Debug|Any CPU.Build.0 = Debug|Any CPU
		{DA58FD48-450F-48E5-AD0F-10D274D7405F}.Release|Any CPU.ActiveCfg = Release|Any CPU
		{DA58FD48-450F-48E5-AD0F-10D274D7405F}.Release|Any CPU.Build.0 = Release|Any CPU
	EndGlobalSection
	GlobalSection(SolutionProperties) = preSolution
		HideSolutionNode = FALSE
	EndGlobalSection
EndGlobal
